
Microsoft Visual Studio Solution File, Format Version 12.00
# Visual Studio Version 17
VisualStudioVersion = 17.0.31808.319
MinimumVisualStudioVersion = 10.0.40219.1
Project("{8BC9CEB8-8B4A-11D0-8D11-00A0C91BC942}") = "directx-sample-mmd", "directx-sample-mmd\directx-sample-mmd.vcxproj", "{EBC0CE14-F63A-4E91-9175-1FB49983AE58}"
EndProject
Global
	GlobalSection(SolutionConfigurationPlatforms) = preSolution
		Debug|x64 = Debug|x64
		Debug|x86 = Debug|x86
		Release|x64 = Release|x64
		Release|x86 = Release|x86
	EndGlobalSection
	GlobalSection(ProjectConfigurationPlatforms) = postSolution
		{EBC0CE14-F63A-4E91-9175-1FB49983AE58}.Debug|x64.ActiveCfg = Debug|x64
		{EBC0CE14-F63A-4E91-9175-1FB49983AE58}.Debug|x64.Build.0 = Debug|x64
		{EBC0CE14-F63A-4E91-9175-1FB49983AE58}.Debug|x86.ActiveCfg = Debug|Win32
		{EBC0CE14-F63A-4E91-9175-1FB49983AE58}.Debug|x86.Build.0 = Debug|Win32
		{EBC0CE14-F63A-4E91-9175-1FB49983AE58}.Release|x64.ActiveCfg = Release|x64
		{EBC0CE14-F63A-4E91-9175-1FB49983AE58}.Release|x64.Build.0 = Release|x64
		{EBC0CE14-F63A-4E91-9175-1FB49983AE58}.Release|x86.ActiveCfg = Release|Win32
		{EBC0CE14-F63A-4E91-9175-1FB49983AE58}.Release|x86.Build.0 = Release|Win32
	EndGlobalSection
	GlobalSection(SolutionProperties) = preSolution
		HideSolutionNode = FALSE
	EndGlobalSection
	GlobalSection(ExtensibilityGlobals) = postSolution
		SolutionGuid = {8E67F107-B210-497E-8EA3-461E68446441}
	EndGlobalSection
EndGlobal
